
Microsoft Visual Studio Solution File, Format Version 12.00
# Visual Studio Version 17
VisualStudioVersion = 17.7.34024.191
MinimumVisualStudioVersion = 10.0.40219.1
Project("{FAE04EC0-301F-11D3-BF4B-00C04F79EFBC}") = "ChatHelperBot", "ChatHelperBot\ChatHelperBot.csproj", "{AE806598-BA86-4A29-936E-E617E4AC2ADC}"
EndProject
Global
	GlobalSection(SolutionConfigurationPlatforms) = preSolution
		Debug|Any CPU = Debug|Any CPU
		Release|Any CPU = Release|Any CPU
	EndGlobalSection
	GlobalSection(ProjectConfigurationPlatforms) = postSolution
		{AE806598-BA86-4A29-936E-E617E4AC2ADC}.Debug|Any CPU.ActiveCfg = Debug|Any CPU
		{AE806598-BA86-4A29-936E-E617E4AC2ADC}.Debug|Any CPU.Build.0 = Debug|Any CPU
		{AE806598-BA86-4A29-936E-E617E4AC2ADC}.Release|Any CPU.ActiveCfg = Release|Any CPU
		{AE806598-BA86-4A29-936E-E617E4AC2ADC}.Release|Any CPU.Build.0 = Release|Any CPU
	EndGlobalSection
	GlobalSection(SolutionProperties) = preSolution
		HideSolutionNode = FALSE
	EndGlobalSection
	GlobalSection(ExtensibilityGlobals) = postSolution
		SolutionGuid = {305B0B47-9D94-426E-9A49-5B4B3F542C88}
	EndGlobalSection
EndGlobal
